lockfileVersion: 5.3

specifiers:
  '@iconify/json': ^1.1.369
  '@vitejs/plugin-vue': ^1.2.4
  '@vue/compiler-sfc': ^3.1.4
  '@vueuse/core': ^5.0.3
  petite-vue: ^0.2.3
  prism-theme-vars: ^0.2.2
  sass: ^1.35.1
  vite: ^2.3.8
  vite-plugin-components: ^0.12.0
  vite-plugin-icons: ^0.6.4
  vite-plugin-ruby: ^2.0.4
  vite-plugin-windicss: ^1.2.0
  vue: ^3.1.4
  windicss: ^3.1.4

dependencies:
  '@iconify/json': 1.1.369
  '@vueuse/core': 5.0.3_vue@3.1.4
  petite-vue: 0.2.3
  vite-plugin-icons: 0.6.4_6e296531fbf664a5eb913b327fa48fa1
  vue: 3.1.4

devDependencies:
  '@vitejs/plugin-vue': 1.2.4_@vue+compiler-sfc@3.1.4
  '@vue/compiler-sfc': 3.1.4_vue@3.1.4
  prism-theme-vars: 0.2.2
  sass: 1.35.1
  vite: 2.3.8
  vite-plugin-components: 0.12.0_vite@2.3.8
  vite-plugin-ruby: 2.0.4_vite@2.3.8
  vite-plugin-windicss: 1.2.0_vite@2.3.8
  windicss: 3.1.4

packages:

  /@antfu/utils/0.2.4:
    resolution: {integrity: sha512-2bZNkVfL9IZESmvE26UKi8SzyvSoaIsGXDcnbHFMtmGMqUiB1fXpAJ1ijGf+tSqKRQ5yagck2U1Qk0p+705/kw==}
    dependencies:
      '@types/throttle-debounce': 2.1.0
    dev: true

  /@babel/helper-validator-identifier/7.14.5:
    resolution: {integrity: sha512-5lsetuxCLilmVGyiLEfoHBRX8UCFD+1m2x3Rj97WrW3V7H3u4RWRXA4evMjImCsin2J2YT0QaVDGf+z8ondbAg==}
    engines: {node: '>=6.9.0'}

  /@babel/parser/7.14.7:
    resolution: {integrity: sha512-X67Z5y+VBJuHB/RjwECp8kSl5uYi0BvRbNeWqkaJCVh+LiTPl19WBUfG627psSgp9rSf6ojuXghQM3ha6qHHdA==}
    engines: {node: '>=6.0.0'}
    hasBin: true

  /@babel/types/7.14.5:
    resolution: {integrity: sha512-M/NzBpEL95I5Hh4dwhin5JlE7EzO5PHMAuzjxss3tiOBD46KfQvVedN/3jEPZvdRvtsK2222XfdHogNIttFgcg==}
    engines: {node: '>=6.9.0'}
    dependencies:
      '@babel/helper-validator-identifier': 7.14.5
      to-fast-properties: 2.0.0

  /@iconify/json-tools/1.0.10:
    resolution: {integrity: sha512-LFelJDOLZ6JHlmlAkgrvmcu4hpNPB91KYcr4f60D/exzU1eNOb4/KCVHIydGHIQFaOacIOD+Xy+B7P1z812cZg==}
    dev: false

  /@iconify/json/1.1.369:
    resolution: {integrity: sha512-v0LY1A4MZKElKuVjXeDEjf4Em7RSsudb8IsT030R8+aE/IR9Jw6nMcg82rs7TKN/Yo1j9p3P2D10dVwfeeio8w==}
    dev: false

  /@nodelib/fs.scandir/2.1.5:
    resolution: {integrity: sha512-vq24Bq3ym5HEQm2NKCr3yXDwjc7vTsEThRDnkp2DK9p1uqLR+DHurm/NOTo0KG7HYHU7eppKZj3MyqYuMBf62g==}
    engines: {node: '>= 8'}
    dependencies:
      '@nodelib/fs.stat': 2.0.5
      run-parallel: 1.2.0
    dev: true

  /@nodelib/fs.stat/2.0.5:
    resolution: {integrity: sha512-RkhPPp2zrqDAQA/2jNhnztcPAlv64XdhIp7a7454A5ovI7Bukxgt7MX7udwAu3zg1DcpPU0rz3VV1SeaqvY4+A==}
    engines: {node: '>= 8'}
    dev: true

  /@nodelib/fs.walk/1.2.7:
    resolution: {integrity: sha512-BTIhocbPBSrRmHxOAJFtR18oLhxTtAFDAvL8hY1S3iU8k+E60W/YFs4jrixGzQjMpF4qPXxIQHcjVD9dz1C2QA==}
    engines: {node: '>= 8'}
    dependencies:
      '@nodelib/fs.scandir': 2.1.5
      fastq: 1.11.0
    dev: true

  /@types/estree/0.0.48:
    resolution: {integrity: sha512-LfZwXoGUDo0C3me81HXgkBg5CTQYb6xzEl+fNmbO4JdRiSKQ8A0GD1OBBvKAIsbCUgoyAty7m99GqqMQe784ew==}
    dev: true

  /@types/throttle-debounce/2.1.0:
    resolution: {integrity: sha512-5eQEtSCoESnh2FsiLTxE121IiE60hnMqcb435fShf4bpLRjEu1Eoekht23y6zXS9Ts3l+Szu3TARnTsA0GkOkQ==}
    dev: true

  /@vitejs/plugin-vue/1.2.4_@vue+compiler-sfc@3.1.4:
    resolution: {integrity: sha512-D/3H9plevPQGgQGwmV6eecvOnooLTecPR63HPffVVWPEhbfvmtYLWgznzs456NBb2DItiRTCIa1yWxvGqC+I8A==}
    engines: {node: '>=12.0.0'}
    peerDependencies:
      '@vue/compiler-sfc': ^3.0.8
    dependencies:
      '@vue/compiler-sfc': 3.1.4_vue@3.1.4
    dev: true

  /@vue/compiler-core/3.1.4:
    resolution: {integrity: sha512-TnUz+1z0y74O/A4YKAbzsdUfamyHV73MihrEfvettWpm9bQKVoZd1nEmR1cGN9LsXWlwAvVQBetBlWdOjmQO5Q==}
    dependencies:
      '@babel/parser': 7.14.7
      '@babel/types': 7.14.5
      '@vue/shared': 3.1.4
      estree-walker: 2.0.2
      source-map: 0.6.1

  /@vue/compiler-dom/3.1.4:
    resolution: {integrity: sha512-3tG2ScHkghhUBuFwl9KgyZhrS8CPFZsO7hUDekJgIp5b1OMkROr4AvxHu6rRMl4WkyvYkvidFNBS2VfOnwa6Kw==}
    dependencies:
      '@vue/compiler-core': 3.1.4
      '@vue/shared': 3.1.4

  /@vue/compiler-sfc/3.1.4_vue@3.1.4:
    resolution: {integrity: sha512-4KDQg60Khy3SgnF+V/TB2NZqzmM4TyGRmzsxqG1SebGdMSecCweFDSlI/F1vDYk6dKiCHgmpoT9A1sLxswkJ0A==}
    peerDependencies:
      vue: 3.1.4
    dependencies:
      '@babel/parser': 7.14.7
      '@babel/types': 7.14.5
      '@types/estree': 0.0.48
      '@vue/compiler-core': 3.1.4
      '@vue/compiler-dom': 3.1.4
      '@vue/compiler-ssr': 3.1.4
      '@vue/shared': 3.1.4
      consolidate: 0.16.0
      estree-walker: 2.0.2
      hash-sum: 2.0.0
      lru-cache: 5.1.1
      magic-string: 0.25.7
      merge-source-map: 1.1.0
      postcss: 8.3.5
      postcss-modules: 4.1.3_postcss@8.3.5
      postcss-selector-parser: 6.0.6
      source-map: 0.6.1
      vue: 3.1.4
    dev: true

  /@vue/compiler-ssr/3.1.4:
    resolution: {integrity: sha512-Box8fCuCFPp0FuimIswjDkjwiSDCBkHvt/xVALyFkYCiIMWv2eR53fIjmlsnEHhcBuZ+VgRC+UanCTcKvSA1gA==}
    dependencies:
      '@vue/compiler-dom': 3.1.4
      '@vue/shared': 3.1.4
    dev: true

  /@vue/reactivity/3.1.4:
    resolution: {integrity: sha512-YDlgii2Cr9yAoKVZFzgY4j0mYlVT73986X3e5SPp6ifqckSEoFSUWXZK2Tb53TB/9qO29BEEbspnKD3m3wAwkA==}
    dependencies:
      '@vue/shared': 3.1.4
    dev: false

  /@vue/runtime-core/3.1.4:
    resolution: {integrity: sha512-qmVJgJuFxfT7M4qHQ4M6KqhKC66fjuswK+aBivE8dWiZ2rtIGl9gtJGpwqwjQEcKEBTOfvvrtrwBncYArJUO8Q==}
    dependencies:
      '@vue/reactivity': 3.1.4
      '@vue/shared': 3.1.4
    dev: false

  /@vue/runtime-dom/3.1.4:
    resolution: {integrity: sha512-vbmwgTxku1BU87Kw7r29adv0OIrDXCW0PslOPQT0O/9R5SqcXgS94Yj6zsztDjvghegenwIAPNLlDR1Auh5s+w==}
    dependencies:
      '@vue/runtime-core': 3.1.4
      '@vue/shared': 3.1.4
      csstype: 2.6.17
    dev: false

  /@vue/shared/3.1.4:
    resolution: {integrity: sha512-6O45kZAmkLvzGLToBxEz4lR2W6kXohCtebV2UxjH9GXjd8X9AhEn68FN9eNanFtWNzvgw1hqd6HkPRVQalqf7Q==}

  /@vueuse/core/5.0.3_vue@3.1.4:
    resolution: {integrity: sha512-TMCL11EVMaj2Y5qdYosvuwA+i1aKrerFXs7fhNZiQiLCWxF8XsrNdxzoiaI2n12UcmSOXvd1xdyWs7Nss+p/Hg==}
    dependencies:
      '@vueuse/shared': 5.0.3_vue@3.1.4
      vue-demi: 0.9.1_vue@3.1.4
    transitivePeerDependencies:
      - '@vue/composition-api'
      - vue
    dev: false

  /@vueuse/shared/5.0.3_vue@3.1.4:
    resolution: {integrity: sha512-aY93WPygr8H/4RB8YuOmAD83Y+faq7zwW10Kd9i0kD9zf5ysVP+32j09rF/mZVtGCa0CSM8ambPZMsEhCkRbwQ==}
    dependencies:
      vue-demi: 0.9.1_vue@3.1.4
    transitivePeerDependencies:
      - '@vue/composition-api'
      - vue
    dev: false

  /@windicss/plugin-utils/1.2.0:
    resolution: {integrity: sha512-6OAsyz2yI0VKNHACT35FjWWzMZlMEF7Z0pIiNUd9+R9jc73+qJcK1DRCZ3YxnjuGk0G76b542uXQEJgv2jL3vA==}
    dependencies:
      '@antfu/utils': 0.2.4
      debug: 4.3.2
      fast-glob: 3.2.6
      jiti: 1.10.1
      magic-string: 0.25.7
      micromatch: 4.0.4
      windicss: 3.1.4
    transitivePeerDependencies:
      - supports-color
    dev: true

  /ansi-styles/4.3.0:
    resolution: {integrity: sha512-zbB9rCJAT1rbjiVDb2hqKFHNYLxgtk8NURxZ3IZwD3F6NtxbXZQCnnSi1Lkx+IDohdPlFp222wVALIheZJQSEg==}
    engines: {node: '>=8'}
    dependencies:
      color-convert: 2.0.1
    dev: true

  /anymatch/3.1.2:
    resolution: {integrity: sha512-P43ePfOAIupkguHUycrc4qJ9kz8ZiuOUijaETwX7THt0Y/GNK7v0aa8rY816xWjZ7rJdA5XdMcpVFTKMq+RvWg==}
    engines: {node: '>= 8'}
    dependencies:
      normalize-path: 3.0.0
      picomatch: 2.3.0
    dev: true

  /balanced-match/1.0.2:
    resolution: {integrity: sha512-3oSeUO0TMV67hN1AmbXsK4yaqU7tjiHlbxRDZOpH0KW9+CeX4bRAaX0Anxt0tx2MrpRpWwQaPwIlISEJhYU5Pw==}
    dev: true

  /big.js/5.2.2:
    resolution: {integrity: sha512-vyL2OymJxmarO8gxMr0mhChsO9QGwhynfuu4+MHTAW6czfq9humCB7rKpUjDd9YUiDPU4mzpyupFSvOClAwbmQ==}
    dev: true

  /binary-extensions/2.2.0:
    resolution: {integrity: sha512-jDctJ/IVQbZoJykoeHbhXpOlNBqGNcwXJKJog42E5HDPUwQTSdjCHdihjj0DlnheQ7blbT6dHOafNAiS8ooQKA==}
    engines: {node: '>=8'}
    dev: true

  /bluebird/3.7.2:
    resolution: {integrity: sha512-XpNj6GDQzdfW+r2Wnn7xiSAd7TM3jzkxGXBGTtWKuSXv1xUV+azxAm8jdWZN06QTQk+2N2XB9jRDkvbmQmcRtg==}
    dev: true

  /brace-expansion/1.1.11:
    resolution: {integrity: sha512-iCuPHDFgrHX7H2vEI/5xpz07zSHB00TpugqhmYtVmMO6518mCuRMoOYFldEBl0g187ufozdaHgWKcYFb61qGiA==}
    dependencies:
      balanced-match: 1.0.2
      concat-map: 0.0.1
    dev: true

  /braces/3.0.2:
    resolution: {integrity: sha512-b8um+L1RzM3WDSzvhm6gIz1yfTbBt6YTlcEKAvsmqCZZFw46z626lVj9j1yEPW33H5H+lBQpZMP1k8l+78Ha0A==}
    engines: {node: '>=8'}
    dependencies:
      fill-range: 7.0.1
    dev: true

  /chalk/4.1.1:
    resolution: {integrity: sha512-diHzdDKxcU+bAsUboHLPEDQiw0qEe0qd7SYUn3HgcFlWgbDcfLGswOHYeGrHKzG9z6UYf01d9VFMfZxPM1xZSg==}
    engines: {node: '>=10'}
    dependencies:
      ansi-styles: 4.3.0
      supports-color: 7.2.0
    dev: true

  /chokidar/3.5.2:
    resolution: {integrity: sha512-ekGhOnNVPgT77r4K/U3GDhu+FQ2S8TnK/s2KbIGXi0SZWuwkZ2QNyfWdZW+TVfn84DpEP7rLeCt2UI6bJ8GwbQ==}
    engines: {node: '>= 8.10.0'}
    dependencies:
      anymatch: 3.1.2
      braces: 3.0.2
      glob-parent: 5.1.2
      is-binary-path: 2.1.0
      is-glob: 4.0.1
      normalize-path: 3.0.0
      readdirp: 3.6.0
    optionalDependencies:
      fsevents: 2.3.2
    dev: true

  /color-convert/2.0.1:
    resolution: {integrity: sha512-RRECPsj7iu/xb5oKYcsFHSppFNnsj/52OVTRKb4zP5onXwVF3zVmmToNcOfGC+CRDpfK/U584fMg38ZHCaElKQ==}
    engines: {node: '>=7.0.0'}
    dependencies:
      color-name: 1.1.4
    dev: true

  /color-name/1.1.4:
    resolution: {integrity: sha512-dOy+3AuW3a2wNbZHIuMZpTcgjGuLU/uBL/ubcZF9OXbDo8ff4O8yVp5Bf0efS8uEoYo5q4Fx7dY9OgQGXgAsQA==}
    dev: true

  /colorette/1.2.2:
    resolution: {integrity: sha512-MKGMzyfeuutC/ZJ1cba9NqcNpfeqMUcYmyF1ZFY6/Cn7CNSAKx6a+s48sqLqyAiZuaP2TcqMhoo+dlwFnVxT9w==}
    dev: true

  /concat-map/0.0.1:
    resolution: {integrity: sha1-2Klr13/Wjfd5OnMDajug1UBdR3s=}
    dev: true

  /consolidate/0.16.0:
    resolution: {integrity: sha512-Nhl1wzCslqXYTJVDyJCu3ODohy9OfBMB5uD2BiBTzd7w+QY0lBzafkR8y8755yMYHAaMD4NuzbAw03/xzfw+eQ==}
    engines: {node: '>= 0.10.0'}
    dependencies:
      bluebird: 3.7.2
    dev: true

  /cssesc/3.0.0:
    resolution: {integrity: sha512-/Tb/JcjK111nNScGob5MNtsntNM1aCNUDipB/TkwZFhyDrrE47SOx/18wF2bbjgc3ZzCSKW1T5nt5EbFoAz/Vg==}
    engines: {node: '>=4'}
    hasBin: true
    dev: true

  /csstype/2.6.17:
    resolution: {integrity: sha512-u1wmTI1jJGzCJzWndZo8mk4wnPTZd1eOIYTYvuEyOQGfmDl3TrabCCfKnOC86FZwW/9djqTl933UF/cS425i9A==}
    dev: false

  /debug/4.3.1:
    resolution: {integrity: sha512-doEwdvm4PCeK4K3RQN2ZC2BYUBaxwLARCqZmMjtF8a51J2Rb0xpVloFRnCODwqjpwnAoao4pelN8l3RJdv3gRQ==}
    engines: {node: '>=6.0'}
    peerDependencies:
      supports-color: '*'
    peerDependenciesMeta:
      supports-color:
        optional: true
    dependencies:
      ms: 2.1.2
    dev: true

  /debug/4.3.2:
    resolution: {integrity: sha512-mOp8wKcvj7XxC78zLgw/ZA+6TSgkoE2C/ienthhRD298T7UNwAg9diBpLRxC0mOezLl4B0xV7M0cCO6P/O0Xhw==}
    engines: {node: '>=6.0'}
    peerDependencies:
      supports-color: '*'
    peerDependenciesMeta:
      supports-color:
        optional: true
    dependencies:
      ms: 2.1.2
    dev: true

  /emojis-list/3.0.0:
    resolution: {integrity: sha512-/kyM18EfinwXZbno9FyUGeFh87KC8HRQBQGildHZbEuRyWFOmv1U10o9BBp8XVZDVNNuQKyIGIu5ZYAAXJ0V2Q==}
    engines: {node: '>= 4'}
    dev: true

  /esbuild/0.12.14:
    resolution: {integrity: sha512-z8p+6FGiplR7a3pPonXREbm+8IeXjBGvDpVidZmGB/AJMsJSfGCU+n7KOMCazA9AwvagadRWBhiKorC0w9WJvw==}
    hasBin: true
    requiresBuild: true
    dev: true

  /estree-walker/2.0.2:
    resolution: {integrity: sha512-Rfkk/Mp/DL7JVje3u18FxFujQlTNR2q6QfMSMB7AvCBx91NGj/ba3kCfza0f6dVDbw7YlRf/nDrn7pQrCCyQ/w==}

  /fast-glob/3.2.6:
    resolution: {integrity: sha512-GnLuqj/pvQ7pX8/L4J84nijv6sAnlwvSDpMkJi9i7nPmPxGtRPkBSStfvDW5l6nMdX9VWe+pkKWFTgD+vF2QSQ==}
    engines: {node: '>=8'}
    dependencies:
      '@nodelib/fs.stat': 2.0.5
      '@nodelib/fs.walk': 1.2.7
      glob-parent: 5.1.2
      merge2: 1.4.1
      micromatch: 4.0.4
    dev: true

  /fastq/1.11.0:
    resolution: {integrity: sha512-7Eczs8gIPDrVzT+EksYBcupqMyxSHXXrHOLRRxU2/DicV8789MRBRR8+Hc2uWzUupOs4YS4JzBmBxjjCVBxD/g==}
    dependencies:
      reusify: 1.0.4
    dev: true

  /fill-range/7.0.1:
    resolution: {integrity: sha512-qOo9F+dMUmC2Lcb4BbVvnKJxTPjCm+RRpe4gDuGrzkL7mEVl/djYSu2OdQ2Pa302N4oqkSg9ir6jaLWJ2USVpQ==}
    engines: {node: '>=8'}
    dependencies:
      to-regex-range: 5.0.1
    dev: true

  /fsevents/2.3.2:
    resolution: {integrity: sha512-xiqMQR4xAeHTuB9uWm+fFRcIOgKBMiOBP+eXiyT7jsgVCq1bkVygt00oASowB7EdtpOHaaPgKt812P9ab+DDKA==}
    engines: {node: ^8.16.0 || ^10.6.0 || >=11.0.0}
    os: [darwin]
    dev: true
    optional: true

  /function-bind/1.1.1:
    resolution: {integrity: sha512-yIovAzMX49sF8Yl58fSCWJ5svSLuaibPxXQJFLmBObTuCr0Mf1KiPopGM9NiFjiYBCbfaa2Fh6breQ6ANVTI0A==}
    dev: true

  /generic-names/2.0.1:
    resolution: {integrity: sha512-kPCHWa1m9wGG/OwQpeweTwM/PYiQLrUIxXbt/P4Nic3LbGjCP0YwrALHW1uNLKZ0LIMg+RF+XRlj2ekT9ZlZAQ==}
    dependencies:
      loader-utils: 1.4.0
    dev: true

  /glob-parent/5.1.2:
    resolution: {integrity: sha512-AOIgSQCepiJYwP3ARnGx+5VnTu2HBYdzbGP45eLw1vr3zB3vZLeyed1sC9hnbcOc9/SrMyM5RPQrkGz4aS9Zow==}
    engines: {node: '>= 6'}
    dependencies:
      is-glob: 4.0.1
    dev: true

  /has-flag/4.0.0:
    resolution: {integrity: sha512-EykJT/Q1KjTWctppgIAgfSO0tKVuZUjhgMr17kqTumMl6Afv3EISleU7qZUzoXDFTAHTDC4NOoG/ZxU3EvlMPQ==}
    engines: {node: '>=8'}
    dev: true

  /has/1.0.3:
    resolution: {integrity: sha512-f2dvO0VU6Oej7RkWJGrehjbzMAjFp5/VKPp5tTpWIV4JHHZK1/BxbFRtf/siA2SWTe09caDmVtYYzWEIbBS4zw==}
    engines: {node: '>= 0.4.0'}
    dependencies:
      function-bind: 1.1.1
    dev: true

  /hash-sum/2.0.0:
    resolution: {integrity: sha512-WdZTbAByD+pHfl/g9QSsBIIwy8IT+EsPiKDs0KNX+zSHhdDLFKdZu0BQHljvO+0QI/BasbMSUa8wYNCZTvhslg==}
    dev: true

  /icss-replace-symbols/1.1.0:
    resolution: {integrity: sha1-Bupvg2ead0njhs/h/oEq5dsiPe0=}
    dev: true

  /icss-utils/5.1.0_postcss@8.3.5:
    resolution: {integrity: sha512-soFhflCVWLfRNOPU3iv5Z9VUdT44xFRbzjLsEzSr5AQmgqPMTHdU3PMT1Cf1ssx8fLNJDA1juftYl+PUcv3MqA==}
    engines: {node: ^10 || ^12 || >= 14}
    peerDependencies:
      postcss: ^8.1.0
    dependencies:
      postcss: 8.3.5
    dev: true

  /is-binary-path/2.1.0:
    resolution: {integrity: sha512-ZMERYes6pDydyuGidse7OsHxtbI7WVeUEozgR/g7rd0xUimYNlvZRE/K2MgZTjWy725IfelLeVcEM97mmtRGXw==}
    engines: {node: '>=8'}
    dependencies:
      binary-extensions: 2.2.0
    dev: true

  /is-core-module/2.4.0:
    resolution: {integrity: sha512-6A2fkfq1rfeQZjxrZJGerpLCTHRNEBiSgnu0+obeJpEPZRUooHgsizvzv0ZjJwOz3iWIHdJtVWJ/tmPr3D21/A==}
    dependencies:
      has: 1.0.3
    dev: true

  /is-extglob/2.1.1:
    resolution: {integrity: sha1-qIwCU1eR8C7TfHahueqXc8gz+MI=}
    engines: {node: '>=0.10.0'}
    dev: true

  /is-glob/4.0.1:
    resolution: {integrity: sha512-5G0tKtBTFImOqDnLB2hG6Bp2qcKEFduo4tZu9MT/H6NQv/ghhy30o55ufafxJ/LdH79LLs2Kfrn85TLKyA7BUg==}
    engines: {node: '>=0.10.0'}
    dependencies:
      is-extglob: 2.1.1
    dev: true

  /is-number/7.0.0:
    resolution: {integrity: sha512-41Cifkg6e8TylSpdtTpeLVMqvSBEVzTttHvERD741+pnZ8ANv0004MRL43QKPDlK9cGvNp6NZWZUBlbGXYxxng==}
    engines: {node: '>=0.12.0'}
    dev: true

  /jiti/1.10.1:
    resolution: {integrity: sha512-qux9juDtAC8HlZxAk/fku73ak4TWNLigRFTNzFShE/kw4bXVFsVu538vLXAxvNyPszXgpX4YxkXfwTYEi+zf5A==}
    hasBin: true
    dev: true

  /json5/1.0.1:
    resolution: {integrity: sha512-aKS4WQjPenRxiQsC93MNfjx+nbF4PAdYzmd/1JIj8HYzqfbu86beTuNgXDzPknWk0n0uARlyewZo4s++ES36Ow==}
    hasBin: true
    dependencies:
      minimist: 1.2.5
    dev: true

  /loader-utils/1.4.0:
    resolution: {integrity: sha512-qH0WSMBtn/oHuwjy/NucEgbx5dbxxnxup9s4PVXJUDHZBQY+s0NWA9rJf53RBnQZxfch7euUui7hpoAPvALZdA==}
    engines: {node: '>=4.0.0'}
    dependencies:
      big.js: 5.2.2
      emojis-list: 3.0.0
      json5: 1.0.1
    dev: true

  /lodash.camelcase/4.3.0:
    resolution: {integrity: sha1-soqmKIorn8ZRA1x3EfZathkDMaY=}
    dev: true

  /lru-cache/5.1.1:
    resolution: {integrity: sha512-KpNARQA3Iwv+jTA0utUVVbrh+Jlrr1Fv0e56GGzAFOXN7dk/FviaDW8LHmK52DlcH4WP2n6gI8vN1aesBFgo9w==}
    dependencies:
      yallist: 3.1.1
    dev: true

  /magic-string/0.25.7:
    resolution: {integrity: sha512-4CrMT5DOHTDk4HYDlzmwu4FVCcIYI8gauveasrdCu2IKIFOJ3f0v/8MDGJCDL9oD2ppz/Av1b0Nj345H9M+XIA==}
    dependencies:
      sourcemap-codec: 1.4.8
    dev: true

  /merge-source-map/1.1.0:
    resolution: {integrity: sha512-Qkcp7P2ygktpMPh2mCQZaf3jhN6D3Z/qVZHSdWvQ+2Ef5HgRAPBO57A77+ENm0CPx2+1Ce/MYKi3ymqdfuqibw==}
    dependencies:
      source-map: 0.6.1
    dev: true

  /merge2/1.4.1:
    resolution: {integrity: sha512-8q7VEgMJW4J8tcfVPy8g09NcQwZdbwFEqhe/WZkoIzjn/3TGDwtOCYtXGxA3O8tPzpczCCDgv+P2P5y00ZJOOg==}
    engines: {node: '>= 8'}
    dev: true

  /micromatch/4.0.4:
    resolution: {integrity: sha512-pRmzw/XUcwXGpD9aI9q/0XOwLNygjETJ8y0ao0wdqprrzDa4YnxLcz7fQRZr8voh8V10kGhABbNcHVk5wHgWwg==}
    engines: {node: '>=8.6'}
    dependencies:
      braces: 3.0.2
      picomatch: 2.3.0
    dev: true

  /minimatch/3.0.4:
    resolution: {integrity: sha512-yJHVQEhyqPLUTgt9B83PXu6W3rx4MvvHvSUvToogpwoGDOUQ+yDrR0HRot+yOCdCO7u4hX3pWft6kWBBcqh0UA==}
    dependencies:
      brace-expansion: 1.1.11
    dev: true

  /minimist/1.2.5:
    resolution: {integrity: sha512-FM9nNUYrRBAELZQT3xeZQ7fmMOBg6nWNmJKTcgsJeaLstP/UODVpGsr5OhXhhXg6f+qtJ8uiZ+PUxkDWcgIXLw==}
    dev: true

  /ms/2.1.2:
    resolution: {integrity: sha512-sGkPx+VjMtmA6MX27oA4FBFELFCZZ4S4XqeGOXCv68tT+jb3vk/RyaKWP0PTKyWtmLSM0b+adUTEvbs1PEaH2w==}
    dev: true

  /nanoid/3.1.23:
    resolution: {integrity: sha512-FiB0kzdP0FFVGDKlRLEQ1BgDzU87dy5NnzjeW9YZNt+/c3+q82EQDUwniSAUxp/F0gFNI1ZhKU1FqYsMuqZVnw==}
    engines: {node: ^10 || ^12 || ^13.7 || ^14 || >=15.0.1}
    hasBin: true
    dev: true

  /normalize-path/3.0.0:
    resolution: {integrity: sha512-6eZs5Ls3WtCisHWp9S2GUy8dqkpGi4BVSz3GaqiE6ezub0512ESztXUwUB6C6IKbQkY2Pnb/mD4WYojCRwcwLA==}
    engines: {node: '>=0.10.0'}
    dev: true

  /path-parse/1.0.7:
    resolution: {integrity: sha512-LDJzPVEEEPR+y48z93A0Ed0yXb8pAByGWo/k5YYdYgpY2/2EsOsksJrq7lOHxryrVOn1ejG6oAp8ahvOIQD8sw==}
    dev: true

  /petite-vue/0.2.3:
    resolution: {integrity: sha512-fskhP2iG0yo2ZQ9e1pX/6htmN/14p80Oc5A9ommiTbt+U2lqTDZHu9DmGzjqfLdyuX+QTv9pCrYzim0AFu4Zww==}
    dev: false

  /picomatch/2.3.0:
    resolution: {integrity: sha512-lY1Q/PiJGC2zOv/z391WOTD+Z02bCgsFfvxoXXf6h7kv9o+WmsmzYqrAwY63sNgOxE4xEdq0WyUnXfKeBrSvYw==}
    engines: {node: '>=8.6'}
    dev: true

  /postcss-modules-extract-imports/3.0.0_postcss@8.3.5:
    resolution: {integrity: sha512-bdHleFnP3kZ4NYDhuGlVK+CMrQ/pqUm8bx/oGL93K6gVwiclvX5x0n76fYMKuIGKzlABOy13zsvqjb0f92TEXw==}
    engines: {node: ^10 || ^12 || >= 14}
    peerDependencies:
      postcss: ^8.1.0
    dependencies:
      postcss: 8.3.5
    dev: true

  /postcss-modules-local-by-default/4.0.0_postcss@8.3.5:
    resolution: {integrity: sha512-sT7ihtmGSF9yhm6ggikHdV0hlziDTX7oFoXtuVWeDd3hHObNkcHRo9V3yg7vCAY7cONyxJC/XXCmmiHHcvX7bQ==}
    engines: {node: ^10 || ^12 || >= 14}
    peerDependencies:
      postcss: ^8.1.0
    dependencies:
      icss-utils: 5.1.0_postcss@8.3.5
      postcss: 8.3.5
      postcss-selector-parser: 6.0.6
      postcss-value-parser: 4.1.0
    dev: true

  /postcss-modules-scope/3.0.0_postcss@8.3.5:
    resolution: {integrity: sha512-hncihwFA2yPath8oZ15PZqvWGkWf+XUfQgUGamS4LqoP1anQLOsOJw0vr7J7IwLpoY9fatA2qiGUGmuZL0Iqlg==}
    engines: {node: ^10 || ^12 || >= 14}
    peerDependencies:
      postcss: ^8.1.0
    dependencies:
      postcss: 8.3.5
      postcss-selector-parser: 6.0.6
    dev: true

  /postcss-modules-values/4.0.0_postcss@8.3.5:
    resolution: {integrity: sha512-RDxHkAiEGI78gS2ofyvCsu7iycRv7oqw5xMWn9iMoR0N/7mf9D50ecQqUo5BZ9Zh2vH4bCUR/ktCqbB9m8vJjQ==}
    engines: {node: ^10 || ^12 || >= 14}
    peerDependencies:
      postcss: ^8.1.0
    dependencies:
      icss-utils: 5.1.0_postcss@8.3.5
      postcss: 8.3.5
    dev: true

  /postcss-modules/4.1.3_postcss@8.3.5:
    resolution: {integrity: sha512-dBT39hrXe4OAVYJe/2ZuIZ9BzYhOe7t+IhedYeQ2OxKwDpAGlkEN/fR0fGnrbx4BvgbMReRX4hCubYK9cE/pJQ==}
    peerDependencies:
      postcss: ^8.0.0
    dependencies:
      generic-names: 2.0.1
      icss-replace-symbols: 1.1.0
      lodash.camelcase: 4.3.0
      postcss: 8.3.5
      postcss-modules-extract-imports: 3.0.0_postcss@8.3.5
      postcss-modules-local-by-default: 4.0.0_postcss@8.3.5
      postcss-modules-scope: 3.0.0_postcss@8.3.5
      postcss-modules-values: 4.0.0_postcss@8.3.5
      string-hash: 1.1.3
    dev: true

  /postcss-selector-parser/6.0.6:
    resolution: {integrity: sha512-9LXrvaaX3+mcv5xkg5kFwqSzSH1JIObIx51PrndZwlmznwXRfxMddDvo9gve3gVR8ZTKgoFDdWkbRFmEhT4PMg==}
    engines: {node: '>=4'}
    dependencies:
      cssesc: 3.0.0
      util-deprecate: 1.0.2
    dev: true

  /postcss-value-parser/4.1.0:
    resolution: {integrity: sha512-97DXOFbQJhk71ne5/Mt6cOu6yxsSfM0QGQyl0L25Gca4yGWEGJaig7l7gbCX623VqTBNGLRLaVUCnNkcedlRSQ==}
    dev: true

  /postcss/8.3.5:
    resolution: {integrity: sha512-NxTuJocUhYGsMiMFHDUkmjSKT3EdH4/WbGF6GCi1NDGk+vbcUTun4fpbOqaPtD8IIsztA2ilZm2DhYCuyN58gA==}
    engines: {node: ^10 || ^12 || >=14}
    dependencies:
      colorette: 1.2.2
      nanoid: 3.1.23
      source-map-js: 0.6.2
    dev: true

  /prism-theme-vars/0.2.2:
    resolution: {integrity: sha512-EL9ifuU/F8tEldoCa2sspiiLWysCL54xDbf2gN/ubwdtbuJROqOGopG5kSwunapwaioT+jLUQ/Ky+7jnv62xJA==}
    dev: true

  /queue-microtask/1.2.3:
    resolution: {integrity: sha512-NuaNSa6flKT5JaSYQzJok04JzTL1CA6aGhv5rfLW3PgqA+M2ChpZQnAC8h8i4ZFkBS8X5RqkDBHA7r4hej3K9A==}
    dev: true

  /readdirp/3.6.0:
    resolution: {integrity: sha512-hOS089on8RduqdbhvQ5Z37A0ESjsqz6qnRcffsMU3495FuTdqSm+7bhJ29JvIOsBDEEnan5DPu9t3To9VRlMzA==}
    engines: {node: '>=8.10.0'}
    dependencies:
      picomatch: 2.3.0
    dev: true

  /resolve/1.20.0:
    resolution: {integrity: sha512-wENBPt4ySzg4ybFQW2TT1zMQucPK95HSh/nq2CFTZVOGut2+pQvSsgtda4d26YrYcr067wjbmzOG8byDPBX63A==}
    dependencies:
      is-core-module: 2.4.0
      path-parse: 1.0.7
    dev: true

  /reusify/1.0.4:
    resolution: {integrity: sha512-U9nH88a3fc/ekCF1l0/UP1IosiuIjyTh7hBvXVMHYgVcfGvt897Xguj2UOLDeI5BG2m7/uwyaLVT6fbtCwTyzw==}
    engines: {iojs: '>=1.0.0', node: '>=0.10.0'}
    dev: true

  /rollup/2.52.7:
    resolution: {integrity: sha512-55cSH4CCU6MaPr9TAOyrIC+7qFCHscL7tkNsm1MBfIJRRqRbCEY0mmeFn4Wg8FKsHtEH8r389Fz38r/o+kgXLg==}
    engines: {node: '>=10.0.0'}
    hasBin: true
    optionalDependencies:
      fsevents: 2.3.2
    dev: true

  /run-parallel/1.2.0:
    resolution: {integrity: sha512-5l4VyZR86LZ/lDxZTR6jqL8AFE2S0IFLMP26AbjsLVADxHdhB/c0GUsH+y39UfCi3dzz8OlQuPmnaJOMoDHQBA==}
    dependencies:
      queue-microtask: 1.2.3
    dev: true

  /sass/1.35.1:
    resolution: {integrity: sha512-oCisuQJstxMcacOPmxLNiLlj4cUyN2+8xJnG7VanRoh2GOLr9RqkvI4AxA4a6LHVg/rsu+PmxXeGhrdSF9jCiQ==}
    engines: {node: '>=8.9.0'}
    hasBin: true
    dependencies:
      chokidar: 3.5.2
    dev: true

  /source-map-js/0.6.2:
    resolution: {integrity: sha512-/3GptzWzu0+0MBQFrDKzw/DvvMTUORvgY6k6jd/VS6iCR4RDTKWH6v6WPwQoUO8667uQEf9Oe38DxAYWY5F/Ug==}
    engines: {node: '>=0.10.0'}
    dev: true

  /source-map/0.6.1:
    resolution: {integrity: sha512-UjgapumWlbMhkBgzT7Ykc5YXUT46F0iKu8SGXq0bcwP5dz/h0Plj6enJqjz1Zbq2l5WaqYnrVbwWOWMyF3F47g==}
    engines: {node: '>=0.10.0'}

  /sourcemap-codec/1.4.8:
    resolution: {integrity: sha512-9NykojV5Uih4lgo5So5dtw+f0JgJX30KCNI8gwhz2J9A15wD0Ml6tjHKwf6fTSa6fAdVBdZeNOs9eJ71qCk8vA==}
    dev: true

  /string-hash/1.1.3:
    resolution: {integrity: sha1-6Kr8CsGFW0Zmkp7X3RJ1311sgRs=}
    dev: true

  /supports-color/7.2.0:
    resolution: {integrity: sha512-qpCAvRl9stuOHveKsn7HncJRvv501qIacKzQlO/+Lwxc9+0q2wLyv4Dfvt80/DPn2pqOBsJdDiogXGR9+OvwRw==}
    engines: {node: '>=8'}
    dependencies:
      has-flag: 4.0.0
    dev: true

  /to-fast-properties/2.0.0:
    resolution: {integrity: sha1-3F5pjL0HkmW8c+A3doGk5Og/YW4=}
    engines: {node: '>=4'}

  /to-regex-range/5.0.1:
    resolution: {integrity: sha512-65P7iz6X5yEr1cwcgvQxbbIw7Uk3gOy5dIdtZ4rDveLqhrdJP+Li/Hx6tyK0NEb+2GCyneCMJiGqrADCSNk8sQ==}
    engines: {node: '>=8.0'}
    dependencies:
      is-number: 7.0.0
    dev: true

  /util-deprecate/1.0.2:
    resolution: {integrity: sha1-RQ1Nyfpw3nMnYvvS1KKJgUGaDM8=}
    dev: true

  /vite-plugin-components/0.12.0_vite@2.3.8:
    resolution: {integrity: sha512-LJAn25KFLFw97mNQw74fsWvGAaaFXbDNGkReFpITPtIrmdRrwWowieg23INXAniPaGJVIhspLk0ippMPi/q0qA==}
    peerDependencies:
      vite: ^2.0.0
    dependencies:
      debug: 4.3.2
      fast-glob: 3.2.6
      magic-string: 0.25.7
      minimatch: 3.0.4
      vite: 2.3.8
    transitivePeerDependencies:
      - supports-color
    dev: true

  /vite-plugin-icons/0.6.4_6e296531fbf664a5eb913b327fa48fa1:
    resolution: {integrity: sha512-NLIUZNpeJV4fH314fn+iI5wxvKOgx2yDzVz6jqaKUyNIi41cv+Ud8J+dueCHVZSxepCIQmMYeCayaPEuhhetbg==}
    peerDependencies:
      '@iconify/json': '*'
      '@vue/compiler-sfc': ^3.0.2
      vue-template-compiler: ^2.6.12
    peerDependenciesMeta:
      '@vue/compiler-sfc':
        optional: true
      vue-template-compiler:
        optional: true
    dependencies:
      '@iconify/json': 1.1.369
      '@iconify/json-tools': 1.0.10
      '@vue/compiler-sfc': 3.1.4_vue@3.1.4
      vue-template-es2015-compiler: 1.9.1
    dev: false

  /vite-plugin-ruby/2.0.4_vite@2.3.8:
    resolution: {integrity: sha512-1YawT1DKSbY/N8OveNvhNuUOnXNgilMY38SzgLgTEIjIbauyvbArjKii3eK3JzmUcjr0rsPtKin7Omszhc/kvA==}
    peerDependencies:
      vite: '>=2.2.0'
    dependencies:
      debug: 4.3.1
      fast-glob: 3.2.6
      vite: 2.3.8
    transitivePeerDependencies:
      - supports-color
    dev: true

  /vite-plugin-windicss/1.2.0_vite@2.3.8:
    resolution: {integrity: sha512-3teAmQHCDDDcy7On5fOj1sYTRVo8zAwJJd4SOapeGI7EuEzO2fHy6oDS6sPXVUnstbfoPbvrng1xvc3VAqI+sg==}
    peerDependencies:
      vite: ^2.0.1
    dependencies:
      '@windicss/plugin-utils': 1.2.0
      chalk: 4.1.1
      debug: 4.3.2
      vite: 2.3.8
      windicss: 3.1.4
    transitivePeerDependencies:
      - supports-color
    dev: true

  /vite/2.3.8:
    resolution: {integrity: sha512-QiEx+iqNnJntSgSF2fWRQvRey9pORIrtNJzNyBJXwc+BdzWs83FQolX84cTBo393cfhObrtWa6180dAa4NLDiQ==}
    engines: {node: '>=12.0.0'}
    hasBin: true
    dependencies:
      esbuild: 0.12.14
      postcss: 8.3.5
      resolve: 1.20.0
      rollup: 2.52.7
    optionalDependencies:
      fsevents: 2.3.2
    dev: true

  /vue-demi/0.9.1_vue@3.1.4:
    resolution: {integrity: sha512-7s1lufRD2l369eFWPjgLvhqCRk0XzGWJsQc7K4q+0mZtixyGIvsK1Cg88P4NcaRIEiBuuN4q1NN4SZKFKwQswA==}
    hasBin: true
    requiresBuild: true
    peerDependencies:
      '@vue/composition-api': ^1.0.0-beta.1
      vue: ^2.6.0 || >=3.0.0-rc.1
    peerDependenciesMeta:
      '@vue/composition-api':
        optional: true
    dependencies:
      vue: 3.1.4
    dev: false

  /vue-template-es2015-compiler/1.9.1:
    resolution: {integrity: sha512-4gDntzrifFnCEvyoO8PqyJDmguXgVPxKiIxrBKjIowvL9l+N66196+72XVYR8BBf1Uv1Fgt3bGevJ+sEmxfZzw==}
    dev: false

  /vue/3.1.4:
    resolution: {integrity: sha512-p8dcdyeCgmaAiZsbLyDkmOLcFGZb/jEVdCLW65V68LRCXTNX8jKsgah2F7OZ/v/Ai2V0Fb1MNO0vz/GFqsPVMA==}
    dependencies:
      '@vue/compiler-dom': 3.1.4
      '@vue/runtime-dom': 3.1.4
      '@vue/shared': 3.1.4
    dev: false

  /windicss/3.1.4:
    resolution: {integrity: sha512-3RBcANxdOy/n4dLVT8+0X409sGI+piO06ARbQ8RncxGuYgdw5Ip3hrhGIYajH67lV+tHc7xNVGxj73amOC9N0g==}
    engines: {node: '>= 12'}
    hasBin: true
    dev: true

  /yallist/3.1.1:
    resolution: {integrity: sha512-a4UGQaWPH59mOXUYnAG2ewncQS4i4F43Tv3JoAM+s2VDAmS9NsK8GpDMLrCHPksFT7h3K6TOoUNn2pb7RoXx4g==}
    dev: true
